
Microsoft Visual Studio Solution File, Format Version 12.00
# Visual Studio Version 17
VisualStudioVersion = 17.7.34031.279
MinimumVisualStudioVersion = 10.0.40219.1
Project("{FAE04EC0-301F-11D3-BF4B-00C04F79EFBC}") = "rare_crew_csharp_task", "rare_crew_csharp_task\rare_crew_csharp_task.csproj", "{E7C86FEB-630C-4E44-AE91-25761EA8E5A5}"
EndProject
Global
	GlobalSection(SolutionConfigurationPlatforms) = preSolution
		Debug|Any CPU = Debug|Any CPU
		Release|Any CPU = Release|Any CPU
	EndGlobalSection
	GlobalSection(ProjectConfigurationPlatforms) = postSolution
		{E7C86FEB-630C-4E44-AE91-25761EA8E5A5}.Debug|Any CPU.ActiveCfg = Debug|Any CPU
		{E7C86FEB-630C-4E44-AE91-25761EA8E5A5}.Debug|Any CPU.Build.0 = Debug|Any CPU
		{E7C86FEB-630C-4E44-AE91-25761EA8E5A5}.Release|Any CPU.ActiveCfg = Release|Any CPU
		{E7C86FEB-630C-4E44-AE91-25761EA8E5A5}.Release|Any CPU.Build.0 = Release|Any CPU
	EndGlobalSection
	GlobalSection(SolutionProperties) = preSolution
		HideSolutionNode = FALSE
	EndGlobalSection
	GlobalSection(ExtensibilityGlobals) = postSolution
		SolutionGuid = {13791752-CEDC-4E88-8021-109BAD15AE93}
	EndGlobalSection
EndGlobal
